
Microsoft Visual Studio Solution File, Format Version 12.00
# Visual Studio 14
VisualStudioVersion = 14.0.22823.1
MinimumVisualStudioVersion = 10.0.40219.1
Project("{2150E333-8FDC-42A3-9474-1A3956D46DE8}") = "Solution Items", "Solution Items", "{0716B618-94FA-434D-B836-F92CE62105A9}"
	ProjectSection(SolutionItems) = preProject
		.bowerrc = .bowerrc
		bower.json = bower.json
		Gruntfile.js = Gruntfile.js
		node-inspector.js = node-inspector.js
		package.json = package.json
		README.md = README.md
	EndProjectSection
EndProject
Project("{2150E333-8FDC-42A3-9474-1A3956D46DE8}") = "server", "server", "{B7B2523D-64BA-4EF2-9641-C2BA60382A03}"
	ProjectSection(SolutionItems) = preProject
		server\server.js = server\server.js
	EndProjectSection
EndProject
Project("{2150E333-8FDC-42A3-9474-1A3956D46DE8}") = "models", "models", "{10E40785-8B85-42B5-8F17-F27264553B5A}"
	ProjectSection(SolutionItems) = preProject
		server\models\client.js = server\models\client.js
		server\models\command.js = server\models\command.js
		server\models\event.js = server\models\event.js
		server\models\event_join.js = server\models\event_join.js
		server\models\show.js = server\models\show.js
		server\models\stadium.js = server\models\stadium.js
		server\models\user.js = server\models\user.js
		server\models\user_location.js = server\models\user_location.js
	EndProjectSection
EndProject
Project("{2150E333-8FDC-42A3-9474-1A3956D46DE8}") = "img", "img", "{7763C771-D36D-46BA-8F45-F67813CF44EB}"
EndProject
Project("{2150E333-8FDC-42A3-9474-1A3956D46DE8}") = "controllers", "controllers", "{C4CDCE33-7F5C-4206-8A01-E94A315022F2}"
	ProjectSection(SolutionItems) = preProject
		server\controllers\clients.js = server\controllers\clients.js
		server\controllers\event_joins.js = server\controllers\event_joins.js
		server\controllers\events.js = server\controllers\events.js
		server\controllers\shows.js = server\controllers\shows.js
		server\controllers\index.js = server\controllers\index.js
		server\controllers\liteshows.js = server\controllers\liteshows.js
		server\controllers\stadiums.js = server\controllers\stadiums.js
		server\controllers\user_locations.js = server\controllers\user_locations.js
		server\controllers\users.js = server\controllers\users.js
	EndProjectSection
EndProject
Project("{2150E333-8FDC-42A3-9474-1A3956D46DE8}") = "config", "config", "{4249F4D7-AD2E-4337-BEA9-06EA6C69ED7D}"
	ProjectSection(SolutionItems) = preProject
		server\config\config.js = server\config\config.js
		server\config\deploy.rb = server\config\deploy.rb
		server\config\express.js = server\config\express.js
		server\config\passport.js = server\config\passport.js
		server\config\routes.js = server\config\routes.js
	EndProjectSection
EndProject
Project("{2150E333-8FDC-42A3-9474-1A3956D46DE8}") = "public", "public", "{328A43AC-E8DB-482B-938A-38BFA7EBE4F0}"
EndProject
Project("{2150E333-8FDC-42A3-9474-1A3956D46DE8}") = "views", "views", "{EDD469EA-D7DE-4720-8845-3F1119972554}"
EndProject
Project("{2150E333-8FDC-42A3-9474-1A3956D46DE8}") = "deploy", "deploy", "{BAE79D7C-2684-4D8C-91E6-33C5D0380268}"
	ProjectSection(SolutionItems) = preProject
		server\config\deploy\production.rb = server\config\deploy\production.rb
		server\config\deploy\staging.rb = server\config\deploy\staging.rb
	EndProjectSection
EndProject
Project("{2150E333-8FDC-42A3-9474-1A3956D46DE8}") = "env", "env", "{05CF9818-4BF3-4855-ADF8-3D1CA695E0C4}"
	ProjectSection(SolutionItems) = preProject
		server\config\env\all.js = server\config\env\all.js
		server\config\env\development.json = server\config\env\development.json
		server\config\env\production.json = server\config\env\production.json
		server\config\env\test.json = server\config\env\test.json
		server\config\env\travis.json = server\config\env\travis.json
	EndProjectSection
EndProject
Project("{2150E333-8FDC-42A3-9474-1A3956D46DE8}") = "middlewares", "middlewares", "{54BB600B-22AC-42A6-AD8D-A0AA0DB9F159}"
	ProjectSection(SolutionItems) = preProject
		server\config\middlewares\authorization.js = server\config\middlewares\authorization.js
	EndProjectSection
EndProject
Project("{2150E333-8FDC-42A3-9474-1A3956D46DE8}") = "app", "app", "{BCF8A7D2-0F1F-4330-8979-CFE57AC90BBC}"
	ProjectSection(SolutionItems) = preProject
		app\index.html = app\index.html
		app\index_back.html = app\index_back.html
	EndProjectSection
EndProject
Project("{2150E333-8FDC-42A3-9474-1A3956D46DE8}") = "views", "views", "{BD3212E6-9B55-42CE-8307-C6000535E1FF}"
	ProjectSection(SolutionItems) = preProject
		app\views\login.html = app\views\login.html
		app\views\main.html = app\views\main.html
		app\views\main_sample.html = app\views\main_sample.html
	EndProjectSection
EndProject
Project("{2150E333-8FDC-42A3-9474-1A3956D46DE8}") = "styles", "styles", "{6A750903-4A39-4778-ADE6-60E686CFC610}"
	ProjectSection(SolutionItems) = preProject
		app\styles\App.css = app\styles\App.css
		app\styles\bootstrap-responsive.min.css = app\styles\bootstrap-responsive.min.css
		app\styles\bootstrap.css = app\styles\bootstrap.css
		app\styles\custom.css = app\styles\custom.css
		app\styles\font-awesome.min.css = app\styles\font-awesome.min.css
		app\styles\ng-grid.css = app\styles\ng-grid.css
	EndProjectSection
EndProject
Project("{2150E333-8FDC-42A3-9474-1A3956D46DE8}") = "scripts", "scripts", "{0E28F8FA-C51B-4763-AA16-67A5D615D9AF}"
EndProject
Project("{2150E333-8FDC-42A3-9474-1A3956D46DE8}") = "img", "img", "{0374B108-FA71-4E39-B80F-6AA4148C89BC}"
EndProject
Project("{2150E333-8FDC-42A3-9474-1A3956D46DE8}") = "fonts", "fonts", "{79941F2B-D084-461F-B6AE-21135AA6B270}"
	ProjectSection(SolutionItems) = preProject
		app\fonts\fontawesome-webfont.eot = app\fonts\fontawesome-webfont.eot
		app\fonts\fontawesome-webfont.svg = app\fonts\fontawesome-webfont.svg
		app\fonts\fontawesome-webfont.ttf = app\fonts\fontawesome-webfont.ttf
		app\fonts\fontawesome-webfont.woff = app\fonts\fontawesome-webfont.woff
		app\fonts\FontAwesome.otf = app\fonts\FontAwesome.otf
		app\fonts\glyphicons-halflings-regular 2.eot = app\fonts\glyphicons-halflings-regular 2.eot
		app\fonts\glyphicons-halflings-regular 2.svg = app\fonts\glyphicons-halflings-regular 2.svg
		app\fonts\glyphicons-halflings-regular 2.ttf = app\fonts\glyphicons-halflings-regular 2.ttf
		app\fonts\glyphicons-halflings-regular 2.woff = app\fonts\glyphicons-halflings-regular 2.woff
		app\fonts\glyphicons-halflings-regular.eot = app\fonts\glyphicons-halflings-regular.eot
		app\fonts\glyphicons-halflings-regular.svg = app\fonts\glyphicons-halflings-regular.svg
		app\fonts\glyphicons-halflings-regular.ttf = app\fonts\glyphicons-halflings-regular.ttf
		app\fonts\glyphicons-halflings-regular.woff = app\fonts\glyphicons-halflings-regular.woff
	EndProjectSection
EndProject
Project("{2150E333-8FDC-42A3-9474-1A3956D46DE8}") = "browser_components", "browser_components", "{3980DBCC-387C-4BC8-951B-B156B41F8E10}"
EndProject
Project("{2150E333-8FDC-42A3-9474-1A3956D46DE8}") = "controllers", "controllers", "{6F8B0F2A-151C-42AC-9E29-EC284AD62395}"
	ProjectSection(SolutionItems) = preProject
		app\scripts\controllers\events.js = app\scripts\controllers\events.js
		app\scripts\controllers\logins.js = app\scripts\controllers\logins.js
		app\scripts\controllers\main.js = app\scripts\controllers\main.js
		app\scripts\controllers\shows.js = app\scripts\controllers\shows.js
		app\scripts\controllers\stadiums.js = app\scripts\controllers\stadiums.js
		app\scripts\controllers\users.js = app\scripts\controllers\users.js
	EndProjectSection
EndProject
Project("{2150E333-8FDC-42A3-9474-1A3956D46DE8}") = "directives", "directives", "{BFAC34FB-6D85-480A-8121-35C203A75B65}"
	ProjectSection(SolutionItems) = preProject
		app\scripts\directives\directives.js = app\scripts\directives\directives.js
	EndProjectSection
EndProject
Project("{2150E333-8FDC-42A3-9474-1A3956D46DE8}") = "js", "js", "{4975BE1C-2F0E-4C53-861F-A1979DC74270}"
	ProjectSection(SolutionItems) = preProject
		app\scripts\js\App.js = app\scripts\js\App.js
		app\scripts\js\bootstrap.min.js = app\scripts\js\bootstrap.min.js
		app\scripts\js\jquery-ui-1.9.2.custom.min.js = app\scripts\js\jquery-ui-1.9.2.custom.min.js
		app\scripts\js\raphael-2.1.2.min.js = app\scripts\js\raphael-2.1.2.min.js
	EndProjectSection
EndProject
Project("{2150E333-8FDC-42A3-9474-1A3956D46DE8}") = "services", "services", "{2028502C-BFB3-407F-A775-E0428575E0C9}"
	ProjectSection(SolutionItems) = preProject
		app\scripts\services\services.js = app\scripts\services\services.js
	EndProjectSection
EndProject
Project("{2150E333-8FDC-42A3-9474-1A3956D46DE8}") = "users", "users", "{275C1478-C78C-4ADA-B6E6-C673462C7E63}"
	ProjectSection(SolutionItems) = preProject
		app\views\users\list.html = app\views\users\list.html
		app\views\users\userForm.html = app\views\users\userForm.html
	EndProjectSection
EndProject
Project("{2150E333-8FDC-42A3-9474-1A3956D46DE8}") = "stadiums", "stadiums", "{C8464FF6-1853-4A63-8B4A-9087B1409082}"
	ProjectSection(SolutionItems) = preProject
		app\views\stadiums\create.html = app\views\stadiums\create.html
	EndProjectSection
EndProject
Project("{2150E333-8FDC-42A3-9474-1A3956D46DE8}") = "events", "events", "{F3D8AC24-C7C2-4312-B9C0-73F89B4DB6FA}"
	ProjectSection(SolutionItems) = preProject
		app\views\events\events.html = app\views\events\events.html
	EndProjectSection
EndProject
Global
	GlobalSection(SolutionProperties) = preSolution
		HideSolutionNode = FALSE
	EndGlobalSection
	GlobalSection(NestedProjects) = preSolution
		{10E40785-8B85-42B5-8F17-F27264553B5A} = {B7B2523D-64BA-4EF2-9641-C2BA60382A03}
		{7763C771-D36D-46BA-8F45-F67813CF44EB} = {B7B2523D-64BA-4EF2-9641-C2BA60382A03}
		{C4CDCE33-7F5C-4206-8A01-E94A315022F2} = {B7B2523D-64BA-4EF2-9641-C2BA60382A03}
		{4249F4D7-AD2E-4337-BEA9-06EA6C69ED7D} = {B7B2523D-64BA-4EF2-9641-C2BA60382A03}
		{328A43AC-E8DB-482B-938A-38BFA7EBE4F0} = {B7B2523D-64BA-4EF2-9641-C2BA60382A03}
		{EDD469EA-D7DE-4720-8845-3F1119972554} = {B7B2523D-64BA-4EF2-9641-C2BA60382A03}
		{BAE79D7C-2684-4D8C-91E6-33C5D0380268} = {4249F4D7-AD2E-4337-BEA9-06EA6C69ED7D}
		{05CF9818-4BF3-4855-ADF8-3D1CA695E0C4} = {4249F4D7-AD2E-4337-BEA9-06EA6C69ED7D}
		{54BB600B-22AC-42A6-AD8D-A0AA0DB9F159} = {4249F4D7-AD2E-4337-BEA9-06EA6C69ED7D}
		{BD3212E6-9B55-42CE-8307-C6000535E1FF} = {BCF8A7D2-0F1F-4330-8979-CFE57AC90BBC}
		{6A750903-4A39-4778-ADE6-60E686CFC610} = {BCF8A7D2-0F1F-4330-8979-CFE57AC90BBC}
		{0E28F8FA-C51B-4763-AA16-67A5D615D9AF} = {BCF8A7D2-0F1F-4330-8979-CFE57AC90BBC}
		{0374B108-FA71-4E39-B80F-6AA4148C89BC} = {BCF8A7D2-0F1F-4330-8979-CFE57AC90BBC}
		{79941F2B-D084-461F-B6AE-21135AA6B270} = {BCF8A7D2-0F1F-4330-8979-CFE57AC90BBC}
		{3980DBCC-387C-4BC8-951B-B156B41F8E10} = {BCF8A7D2-0F1F-4330-8979-CFE57AC90BBC}
		{6F8B0F2A-151C-42AC-9E29-EC284AD62395} = {0E28F8FA-C51B-4763-AA16-67A5D615D9AF}
		{BFAC34FB-6D85-480A-8121-35C203A75B65} = {0E28F8FA-C51B-4763-AA16-67A5D615D9AF}
		{4975BE1C-2F0E-4C53-861F-A1979DC74270} = {0E28F8FA-C51B-4763-AA16-67A5D615D9AF}
		{2028502C-BFB3-407F-A775-E0428575E0C9} = {0E28F8FA-C51B-4763-AA16-67A5D615D9AF}
		{275C1478-C78C-4ADA-B6E6-C673462C7E63} = {BD3212E6-9B55-42CE-8307-C6000535E1FF}
		{C8464FF6-1853-4A63-8B4A-9087B1409082} = {BD3212E6-9B55-42CE-8307-C6000535E1FF}
		{F3D8AC24-C7C2-4312-B9C0-73F89B4DB6FA} = {BD3212E6-9B55-42CE-8307-C6000535E1FF}
	EndGlobalSection
EndGlobal
